
Microsoft Visual Studio Solution File, Format Version 12.00
# Visual Studio Version 17
VisualStudioVersion = 17.5.33424.131
MinimumVisualStudioVersion = 10.0.40219.1
Project("{FAE04EC0-301F-11D3-BF4B-00C04F79EFBC}") = "Adonet test", "Adonet test\Adonet test.csproj", "{B5513D1A-48CD-488A-BDEA-D8D68E7E0511}"
EndProject
Global
	GlobalSection(SolutionConfigurationPlatforms) = preSolution
		Debug|Any CPU = Debug|Any CPU
		Release|Any CPU = Release|Any CPU
	EndGlobalSection
	GlobalSection(ProjectConfigurationPlatforms) = postSolution
		{B5513D1A-48CD-488A-BDEA-D8D68E7E0511}.Debug|Any CPU.ActiveCfg = Debug|Any CPU
		{B5513D1A-48CD-488A-BDEA-D8D68E7E0511}.Debug|Any CPU.Build.0 = Debug|Any CPU
		{B5513D1A-48CD-488A-BDEA-D8D68E7E0511}.Release|Any CPU.ActiveCfg = Release|Any CPU
		{B5513D1A-48CD-488A-BDEA-D8D68E7E0511}.Release|Any CPU.Build.0 = Release|Any CPU
	EndGlobalSection
	GlobalSection(SolutionProperties) = preSolution
		HideSolutionNode = FALSE
	EndGlobalSection
	GlobalSection(ExtensibilityGlobals) = postSolution
		SolutionGuid = {B0BBB3BA-9CD4-428E-9B29-C00C93E23ED8}
	EndGlobalSection
EndGlobal
